
Microsoft Visual Studio Solution File, Format Version 12.00
# Visual Studio Version 17
VisualStudioVersion = 17.3.32929.385
MinimumVisualStudioVersion = 10.0.40219.1
Project("{FAE04EC0-301F-11D3-BF4B-00C04F79EFBC}") = "ObserverEx", "ObserverEx\ObserverEx.csproj", "{EA10DB63-7DEA-4C28-A95D-C5C784A23153}"
EndProject
Global
	GlobalSection(SolutionConfigurationPlatforms) = preSolution
		Debug|Any CPU = Debug|Any CPU
		Release|Any CPU = Release|Any CPU
	EndGlobalSection
	GlobalSection(ProjectConfigurationPlatforms) = postSolution
		{EA10DB63-7DEA-4C28-A95D-C5C784A23153}.Debug|Any CPU.ActiveCfg = Debug|Any CPU
		{EA10DB63-7DEA-4C28-A95D-C5C784A23153}.Debug|Any CPU.Build.0 = Debug|Any CPU
		{EA10DB63-7DEA-4C28-A95D-C5C784A23153}.Release|Any CPU.ActiveCfg = Release|Any CPU
		{EA10DB63-7DEA-4C28-A95D-C5C784A23153}.Release|Any CPU.Build.0 = Release|Any CPU
	EndGlobalSection
	GlobalSection(SolutionProperties) = preSolution
		HideSolutionNode = FALSE
	EndGlobalSection
	GlobalSection(ExtensibilityGlobals) = postSolution
		SolutionGuid = {7F991B17-AF37-4E6B-80E8-702E3EC95C23}
	EndGlobalSection
EndGlobal
